
Microsoft Visual Studio Solution File, Format Version 12.00
# Visual Studio Version 16
VisualStudioVersion = 16.0.32802.440
MinimumVisualStudioVersion = 10.0.40219.1
Project("{FAE04EC0-301F-11D3-BF4B-00C04F79EFBC}") = "Bai1", "Bai1\Bai1.csproj", "{FCEAF8C3-075D-4343-833A-35BBD52EF65A}"
EndProject
Global
	GlobalSection(SolutionConfigurationPlatforms) = preSolution
		Debug|Any CPU = Debug|Any CPU
		Release|Any CPU = Release|Any CPU
	EndGlobalSection
	GlobalSection(ProjectConfigurationPlatforms) = postSolution
		{FCEAF8C3-075D-4343-833A-35BBD52EF65A}.Debug|Any CPU.ActiveCfg = Debug|Any CPU
		{FCEAF8C3-075D-4343-833A-35BBD52EF65A}.Debug|Any CPU.Build.0 = Debug|Any CPU
		{FCEAF8C3-075D-4343-833A-35BBD52EF65A}.Release|Any CPU.ActiveCfg = Release|Any CPU
		{FCEAF8C3-075D-4343-833A-35BBD52EF65A}.Release|Any CPU.Build.0 = Release|Any CPU
	EndGlobalSection
	GlobalSection(SolutionProperties) = preSolution
		HideSolutionNode = FALSE
	EndGlobalSection
	GlobalSection(ExtensibilityGlobals) = postSolution
		SolutionGuid = {73B8512F-6488-4BB4-BA25-DF1914B32C98}
	EndGlobalSection
EndGlobal
